
Microsoft Visual Studio Solution File, Format Version 12.00
Project("{FAE04EC0-301F-11D3-BF4B-00C04F79EFBC}") = "SuperDigitoApp", "SuperDigitoApp.csproj", "{F7BC3471-9976-436E-8879-C187BA5019D5}"
EndProject
Global
	GlobalSection(SolutionConfigurationPlatforms) = preSolution
		Debug|Any CPU = Debug|Any CPU
		Release|Any CPU = Release|Any CPU
	EndGlobalSection
	GlobalSection(ProjectConfigurationPlatforms) = postSolution
		{F7BC3471-9976-436E-8879-C187BA5019D5}.Debug|Any CPU.ActiveCfg = Debug|Any CPU
		{F7BC3471-9976-436E-8879-C187BA5019D5}.Debug|Any CPU.Build.0 = Debug|Any CPU
		{F7BC3471-9976-436E-8879-C187BA5019D5}.Release|Any CPU.ActiveCfg = Release|Any CPU
		{F7BC3471-9976-436E-8879-C187BA5019D5}.Release|Any CPU.Build.0 = Release|Any CPU
	EndGlobalSection
EndGlobal
